{
  "name": "akalynth",
  "version": "0.1.0",
  "lockfileVersion": 3,
  "requires": true,
  "packages": {
    "": {
      "name": "akalynth",
      "version": "0.1.0",
      "license": "ISC",
      "workspaces": [
        "server",
        "client"
      ]
    },
    "client": {
      "name": "@akalynth/client",
      "version": "0.1.0",
      "extraneous": true,
      "license": "ISC",
      "devDependencies": {
        "typescript": "^5.3.3",
        "vite": "^5.0.8"
      }
    },
    "server": {
      "name": "@akalynth/server",
      "version": "0.1.0",
      "extraneous": true,
      "license": "ISC",
      "dependencies": {
        "ws": "^8.18.0"
      },
      "devDependencies": {
        "@types/node": "^20.10.0",
        "@types/ws": "^8.5.10",
        "tsx": "^4.7.0",
        "typescript": "^5.3.3"
      }
    }
  }
}
